Microsoft Visual Studio Solution File, Format Version 12.00
# Visual Studio Version 18
VisualStudioVersion = 18.5.11801.241
MinimumVisualStudioVersion = 10.0.40219.1
Project("{FAE04EC0-301F-11D3-BF4B-00C04F79EFBC}") = "MinhaApi.Infrastructure", "ProdutoService\MinhaApi.Infrastructure\MinhaApi.Infrastructure.csproj", "{2F306863-6EC0-6B02-0687-7105C5BEF9DA}"
EndProject
Project("{FAE04EC0-301F-11D3-BF4B-00C04F79EFBC}") = "MinhaApi.API", "ProdutoService\MinhaApi.API\MinhaApi.API.csproj", "{CB3CDA21-20AC-C139-3B54-1C5015E0E7D5}"
EndProject
Project("{FAE04EC0-301F-11D3-BF4B-00C04F79EFBC}") = "MinhaApi.Application", "ProdutoService\MinhaApi.Application\MinhaApi.Application.csproj", "{1E268930-2ECE-66FC-D8EF-8B6FB9EE469E}"
EndProject
Project("{FAE04EC0-301F-11D3-BF4B-00C04F79EFBC}") = "MinhaApi.Domain", "ProdutoService\MinhaApi.Domain\MinhaApi.Domain.csproj", "{A59E19AB-97D7-10B0-7D4A-61DF9B2AF32D}"
EndProject
Project("{FAE04EC0-301F-11D3-BF4B-00C04F79EFBC}") = "MinhaApi.CrossCutting", "ProdutoService\MinhaApi.CrossCutting\MinhaApi.CrossCutting.csproj", "{44D65855-1A2E-FC83-5BE0-AD4B12EBFE2C}"
EndProject
Project("{2150E333-8FDC-42A3-9474-1A3956D46DE8}") = "CartService", "CartService", "{4B0370AF-BCC9-469C-AF80-632C8F25D1BE}"
EndProject
Project("{2150E333-8FDC-42A3-9474-1A3956D46DE8}") = "ProductService", "ProductService", "{D006564D-7859-43CF-9FA4-6ED147CCDF04}"
EndProject
Project("{FAE04EC0-301F-11D3-BF4B-00C04F79EFBC}") = "CartService.Application", "CartService\CartService.Application\CartService.Application.csproj", "{C58F923A-B446-EE97-9519-7E0BBB3C0D44}"
EndProject
Project("{FAE04EC0-301F-11D3-BF4B-00C04F79EFBC}") = "CartService.Domain", "CartService\CartService.Domain\CartService.Domain.csproj", "{66107226-37E2-C0A5-C103-765421CC9296}"
EndProject
Project("{FAE04EC0-301F-11D3-BF4B-00C04F79EFBC}") = "CartService.Infrastructure", "CartService.Infrastructure\CartService.Infrastructure.csproj", "{A8355226-6E43-4CEB-AEB3-A44E6820F790}"
EndProject
Global
	GlobalSection(SolutionConfigurationPlatforms) = preSolution
		Debug|Any CPU = Debug|Any CPU
		Release|Any CPU = Release|Any CPU
	EndGlobalSection
	GlobalSection(ProjectConfigurationPlatforms) = postSolution
		{2F306863-6EC0-6B02-0687-7105C5BEF9DA}.Debug|Any CPU.ActiveCfg = Debug|Any CPU
		{2F306863-6EC0-6B02-0687-7105C5BEF9DA}.Debug|Any CPU.Build.0 = Debug|Any CPU
		{2F306863-6EC0-6B02-0687-7105C5BEF9DA}.Release|Any CPU.ActiveCfg = Release|Any CPU
		{2F306863-6EC0-6B02-0687-7105C5BEF9DA}.Release|Any CPU.Build.0 = Release|Any CPU
		{CB3CDA21-20AC-C139-3B54-1C5015E0E7D5}.Debug|Any CPU.ActiveCfg = Debug|Any CPU
		{CB3CDA21-20AC-C139-3B54-1C5015E0E7D5}.Debug|Any CPU.Build.0 = Debug|Any CPU
		{CB3CDA21-20AC-C139-3B54-1C5015E0E7D5}.Release|Any CPU.ActiveCfg = Release|Any CPU
		{CB3CDA21-20AC-C139-3B54-1C5015E0E7D5}.Release|Any CPU.Build.0 = Release|Any CPU
		{1E268930-2ECE-66FC-D8EF-8B6FB9EE469E}.Debug|Any CPU.ActiveCfg = Debug|Any CPU
		{1E268930-2ECE-66FC-D8EF-8B6FB9EE469E}.Debug|Any CPU.Build.0 = Debug|Any CPU
		{1E268930-2ECE-66FC-D8EF-8B6FB9EE469E}.Release|Any CPU.ActiveCfg = Release|Any CPU
		{1E268930-2ECE-66FC-D8EF-8B6FB9EE469E}.Release|Any CPU.Build.0 = Release|Any CPU
		{A59E19AB-97D7-10B0-7D4A-61DF9B2AF32D}.Debug|Any CPU.ActiveCfg = Debug|Any CPU
		{A59E19AB-97D7-10B0-7D4A-61DF9B2AF32D}.Debug|Any CPU.Build.0 = Debug|Any CPU
		{A59E19AB-97D7-10B0-7D4A-61DF9B2AF32D}.Release|Any CPU.ActiveCfg = Release|Any CPU
		{A59E19AB-97D7-10B0-7D4A-61DF9B2AF32D}.Release|Any CPU.Build.0 = Release|Any CPU
		{44D65855-1A2E-FC83-5BE0-AD4B12EBFE2C}.Debug|Any CPU.ActiveCfg = Debug|Any CPU
		{44D65855-1A2E-FC83-5BE0-AD4B12EBFE2C}.Debug|Any CPU.Build.0 = Debug|Any CPU
		{44D65855-1A2E-FC83-5BE0-AD4B12EBFE2C}.Release|Any CPU.ActiveCfg = Release|Any CPU
		{44D65855-1A2E-FC83-5BE0-AD4B12EBFE2C}.Release|Any CPU.Build.0 = Release|Any CPU
		{C58F923A-B446-EE97-9519-7E0BBB3C0D44}.Debug|Any CPU.ActiveCfg = Debug|Any CPU
		{C58F923A-B446-EE97-9519-7E0BBB3C0D44}.Debug|Any CPU.Build.0 = Debug|Any CPU
		{C58F923A-B446-EE97-9519-7E0BBB3C0D44}.Release|Any CPU.ActiveCfg = Release|Any CPU
		{C58F923A-B446-EE97-9519-7E0BBB3C0D44}.Release|Any CPU.Build.0 = Release|Any CPU
		{66107226-37E2-C0A5-C103-765421CC9296}.Debug|Any CPU.ActiveCfg = Debug|Any CPU
		{66107226-37E2-C0A5-C103-765421CC9296}.Debug|Any CPU.Build.0 = Debug|Any CPU
		{66107226-37E2-C0A5-C103-765421CC9296}.Release|Any CPU.ActiveCfg = Release|Any CPU
		{66107226-37E2-C0A5-C103-765421CC9296}.Release|Any CPU.Build.0 = Release|Any CPU
		{A8355226-6E43-4CEB-AEB3-A44E6820F790}.Debug|Any CPU.ActiveCfg = Debug|Any CPU
		{A8355226-6E43-4CEB-AEB3-A44E6820F790}.Debug|Any CPU.Build.0 = Debug|Any CPU
		{A8355226-6E43-4CEB-AEB3-A44E6820F790}.Release|Any CPU.ActiveCfg = Release|Any CPU
		{A8355226-6E43-4CEB-AEB3-A44E6820F790}.Release|Any CPU.Build.0 = Release|Any CPU
	EndGlobalSection
	GlobalSection(SolutionProperties) = preSolution
		HideSolutionNode = FALSE
	EndGlobalSection
	GlobalSection(NestedProjects) = preSolution
		{2F306863-6EC0-6B02-0687-7105C5BEF9DA} = {D006564D-7859-43CF-9FA4-6ED147CCDF04}
		{CB3CDA21-20AC-C139-3B54-1C5015E0E7D5} = {D006564D-7859-43CF-9FA4-6ED147CCDF04}
		{1E268930-2ECE-66FC-D8EF-8B6FB9EE469E} = {D006564D-7859-43CF-9FA4-6ED147CCDF04}
		{A59E19AB-97D7-10B0-7D4A-61DF9B2AF32D} = {D006564D-7859-43CF-9FA4-6ED147CCDF04}
		{44D65855-1A2E-FC83-5BE0-AD4B12EBFE2C} = {D006564D-7859-43CF-9FA4-6ED147CCDF04}
		{C58F923A-B446-EE97-9519-7E0BBB3C0D44} = {4B0370AF-BCC9-469C-AF80-632C8F25D1BE}
		{66107226-37E2-C0A5-C103-765421CC9296} = {4B0370AF-BCC9-469C-AF80-632C8F25D1BE}
		{A8355226-6E43-4CEB-AEB3-A44E6820F790} = {4B0370AF-BCC9-469C-AF80-632C8F25D1BE}
	EndGlobalSection
	GlobalSection(ExtensibilityGlobals) = postSolution
		SolutionGuid = {B158F27E-66F3-48EF-BDEB-E875FC8909DB}
	EndGlobalSection
EndGlobal
